
Microsoft Visual Studio Solution File, Format Version 12.00
# Visual Studio Version 16
VisualStudioVersion = 16.0.30320.27
MinimumVisualStudioVersion = 10.0.40219.1
Project("{FAE04EC0-301F-11D3-BF4B-00C04F79EFBC}") = "prueba", "prueba.csproj", "{FE314F77-1368-47FA-B598-079A05A9F54B}"
EndProject
Global
	GlobalSection(SolutionConfigurationPlatforms) = preSolution
		Debug|Any CPU = Debug|Any CPU
		Release|Any CPU = Release|Any CPU
	EndGlobalSection
	GlobalSection(ProjectConfigurationPlatforms) = postSolution
		{FE314F77-1368-47FA-B598-079A05A9F54B}.Debug|Any CPU.ActiveCfg = Debug|Any CPU
		{FE314F77-1368-47FA-B598-079A05A9F54B}.Debug|Any CPU.Build.0 = Debug|Any CPU
		{FE314F77-1368-47FA-B598-079A05A9F54B}.Release|Any CPU.ActiveCfg = Release|Any CPU
		{FE314F77-1368-47FA-B598-079A05A9F54B}.Release|Any CPU.Build.0 = Release|Any CPU
	EndGlobalSection
	GlobalSection(SolutionProperties) = preSolution
		HideSolutionNode = FALSE
	EndGlobalSection
	GlobalSection(ExtensibilityGlobals) = postSolution
		SolutionGuid = {8BFCAFA8-CAFF-42AD-B73E-CD7883BA37ED}
	EndGlobalSection
EndGlobal
